// !$*UTF8*$!
{
	archiveVersion = 1;
	classes = {
	};
	objectVersion = 50;
	objects = {

/* Begin PBXBuildFile section */
		4DEE6A522435E30400DA75AA /* AppDelegate.swift in Sources */ = {isa = PBXBuildFile; fileRef = 4DEE6A512435E30400DA75AA /* AppDelegate.swift */; };
		4DEE6A542435E30400DA75AA /* SceneDelegate.swift in Sources */ = {isa = PBXBuildFile; fileRef = 4DEE6A532435E30400DA75AA /* SceneDelegate.swift */; };
		4DEE6A562435E30400DA75AA /* ViewController.swift in Sources */ = {isa = PBXBuildFile; fileRef = 4DEE6A552435E30400DA75AA /* ViewController.swift */; };
		4DEE6A592435E30400DA75AA /* Main.storyboard in Resources */ = {isa = PBXBuildFile; fileRef = 4DEE6A572435E30400DA75AA /* Main.storyboard */; };
		4DEE6A5B2435E30500DA75AA /* Assets.xcassets in Resources */ = {isa = PBXBuildFile; fileRef = 4DEE6A5A2435E30500DA75AA /* Assets.xcassets */; };
		4DEE6A5E2435E30500DA75AA /* LaunchScreen.storyboard in Resources */ = {isa = PBXBuildFile; fileRef = 4DEE6A5C2435E30500DA75AA /* LaunchScreen.storyboard */; };
/* End PBXBuildFile section */

/* Begin PBXFileReference section */
		4DEE6A4E2435E30400DA75AA /* locationSunrise.app */ = {isa = PBXFileReference; explicitFileType = wrapper.application; includeInIndex = 0; path = locationSunrise.app; sourceTree = BUILT_PRODUCTS_DIR; };
		4DEE6A512435E30400DA75AA /* AppDelegate.swift */ = {isa = PBXFileReference; lastKnownFileType = sourcecode.swift; path = AppDelegate.swift; sourceTree = "<group>"; };
		4DEE6A532435E30400DA75AA /* SceneDelegate.swift */ = {isa = PBXFileReference; lastKnownFileType = sourcecode.swift; path = SceneDelegate.swift; sourceTree = "<group>"; };
		4DEE6A552435E30400DA75AA /* ViewController.swift */ = {isa = PBXFileReference; lastKnownFileType = sourcecode.swift; path = ViewController.swift; sourceTree = "<group>"; };
		4DEE6A582435E30400DA75AA /* Base */ = {isa = PBXFileReference; lastKnownFileType = file.storyboard; name = Base; path = Base.lproj/Main.storyboard; sourceTree = "<group>"; };
		4DEE6A5A2435E30500DA75AA /* Assets.xcassets */ = {isa = PBXFileReference; lastKnownFileType = folder.assetcatalog; path = Assets.xcassets; sourceTree = "<group>"; };
		4DEE6A5D2435E30500DA75AA /* Base */ = {isa = PBXFileReference; lastKnownFileType = file.storyboard; name = Base; path = Base.lproj/LaunchScreen.storyboard; sourceTree = "<group>"; };
		4DEE6A5F2435E30500DA75AA /* Info.plist */ = {isa = PBXFileReference; lastKnownFileType = text.plist.xml; path = Info.plist; sourceTree = "<group>"; };
/* End PBXFileReference section */

/* Begin PBXFrameworksBuildPhase section */
		4DEE6A4B2435E30400DA75AA /* Frameworks */ = {
			isa = PBXFrameworksBuildPhase;
			buildActionMask = 2147483647;
			files = (
			);
			runOnlyForDeploymentPostprocessing = 0;
		};
/* End PBXFrameworksBuildPhase section */

/* Begin PBXGroup section */
		4DEE6A452435E30400DA75AA = {
			isa = PBXGroup;
			children = (
				4DEE6A502435E30400DA75AA /* locationSunrise */,
				4DEE6A4F2435E30400DA75AA /* Products */,
			);
			sourceTree = "<group>";
		};
		4DEE6A4F2435E30400DA75AA /* Products */ = {
			isa = PBXGroup;
			children = (
				4DEE6A4E2435E30400DA75AA /* locationSunrise.app */,
			);
			name = Products;
			sourceTree = "<group>";
		};
		4DEE6A502435E30400DA75AA /* locationSunrise */ = {
			isa = PBXGroup;
			children = (
				4DEE6A512435E30400DA75AA /* AppDelegate.swift */,
				4DEE6A532435E30400DA75AA /* SceneDelegate.swift */,
				4DEE6A552435E30400DA75AA /* ViewController.swift */,
				4DEE6A572435E30400DA75AA /* Main.storyboard */,
				4DEE6A5A2435E30500DA75AA /* Assets.xcassets */,
				4DEE6A5C2435E30500DA75AA /* LaunchScreen.storyboard */,
				4DEE6A5F2435E30500DA75AA /* Info.plist */,
			);
			path = locationSunrise;
			sourceTree = "<group>";
		};
/* End PBXGroup section */

/* Begin PBXNativeTarget section */
		4DEE6A4D2435E30400DA75AA /* locationSunrise */ = {
			isa = PBXNativeTarget;
			buildConfigurationList = 4DEE6A622435E30500DA75AA /* Build configuration list for PBXNativeTarget "locationSunrise" */;
			buildPhases = (
				4DEE6A4A2435E30400DA75AA /* Sources */,
				4DEE6A4B2435E30400DA75AA /* Frameworks */,
				4DEE6A4C2435E30400DA75AA /* Resources */,
			);
			buildRules = (
			);
			dependencies = (
			);
			name = locationSunrise;
			productName = locationSunrise;
			productReference = 4DEE6A4E2435E30400DA75AA /* locationSunrise.app */;
			productType = "com.apple.product-type.application";
		};
/* End PBXNativeTarget section */

/* Begin PBXProject section */
		4DEE6A462435E30400DA75AA /* Project object */ = {
			isa = PBXProject;
			attributes = {
				LastSwiftUpdateCheck = 1140;
				LastUpgradeCheck = 1140;
				ORGANIZATIONNAME = KG;
				TargetAttributes = {
					4DEE6A4D2435E30400DA75AA = {
						CreatedOnToolsVersion = 11.4;
					};
				};
			};
			buildConfigurationList = 4DEE6A492435E30400DA75AA /* Build configuration list for PBXProject "locationSunrise" */;
			compatibilityVersion = "Xcode 9.3";
			developmentRegion = en;
			hasScannedForEncodings = 0;
			knownRegions = (
				en,
				Base,
			);
			mainGroup = 4DEE6A452435E30400DA75AA;
			productRefGroup = 4DEE6A4F2435E30400DA75AA /* Products */;
			projectDirPath = "";
			projectRoot = "";
			targets = (
				4DEE6A4D2435E30400DA75AA /* locationSunrise */,
			);
		};
/* End PBXProject section */

/* Begin PBXResourcesBuildPhase section */
		4DEE6A4C2435E30400DA75AA /* Resources */ = {
			isa = PBXResourcesBuildPhase;
			buildActionMask = 2147483647;
			files = (
				4DEE6A5E2435E30500DA75AA /* LaunchScreen.storyboard in Resources */,
				4DEE6A5B2435E30500DA75AA /* Assets.xcassets in Resources */,
				4DEE6A592435E30400DA75AA /* Main.storyboard in Resources */,
			);
			runOnlyForDeploymentPostprocessing = 0;
		};
/* End PBXResourcesBuildPhase section */

/* Begin PBXSourcesBuildPhase section */
		4DEE6A4A2435E30400DA75AA /* Sources */ = {
			isa = PBXSourcesBuildPhase;
			buildActionMask = 2147483647;
			files = (
				4DEE6A562435E30400DA75AA /* ViewController.swift in Sources */,
				4DEE6A522435E30400DA75AA /* AppDelegate.swift in Sources */,
				4DEE6A542435E30400DA75AA /* SceneDelegate.swift in Sources */,
			);
			runOnlyForDeploymentPostprocessing = 0;
		};
/* End PBXSourcesBuildPhase section */

/* Begin PBXVariantGroup section */
		4DEE6A572435E30400DA75AA /* Main.storyboard */ = {
			isa = PBXVariantGroup;
			children = (
				4DEE6A582435E30400DA75AA /* Base */,
			);
			name = Main.storyboard;
			sourceTree = "<group>";
		};
		4DEE6A5C2435E30500DA75AA /* LaunchScreen.storyboard */ = {
			isa = PBXVariantGroup;
			children = (
				4DEE6A5D2435E30500DA75AA /* Base */,
			);
			name = LaunchScreen.storyboard;
			sourceTree = "<group>";
		};
/* End PBXVariantGroup section */

/* Begin XCBuildConfiguration section */
		4DEE6A602435E30500DA75AA /* Debug */ = {
			isa = XCBuildConfiguration;
			buildSettings = {
				ALWAYS_SEARCH_USER_PATHS = NO;
				CLANG_ANALYZER_NONNULL = YES;
				CLANG_ANALYZER_NUMBER_OBJECT_CONVERSION = YES_AGGRESSIVE;
				CLANG_CXX_LANGUAGE_STANDARD = "gnu++14";
				CLANG_CXX_LIBRARY = "libc++";
				CLANG_ENABLE_MODULES = YES;
				CLANG_ENABLE_OBJC_ARC = YES;
				CLANG_ENABLE_OBJC_WEAK = YES;
				CLANG_WARN_BLOCK_CAPTURE_AUTORELEASING = YES;
				CLANG_WARN_BOOL_CONVERSION = YES;
				CLANG_WARN_COMMA = YES;
				CLANG_WARN_CONSTANT_CONVERSION = YES;
				CLANG_WARN_DEPRECATED_OBJC_IMPLEMENTATIONS = YES;
				CLANG_WARN_DIRECT_OBJC_ISA_USAGE = YES_ERROR;
				CLANG_WARN_DOCUMENTATION_COMMENTS = YES;
				CLANG_WARN_EMPTY_BODY = YES;
				CLANG_WARN_ENUM_CONVERSION = YES;
				CLANG_WARN_INFINITE_RECURSION = YES;
				CLANG_WARN_INT_CONVERSION = YES;
				CLANG_WARN_NON_LITERAL_NULL_CONVERSION = YES;
				CLANG_WARN_OBJC_IMPLICIT_RETAIN_SELF = YES;
				CLANG_WARN_OBJC_LITERAL_CONVERSION = YES;
				CLANG_WARN_OBJC_ROOT_CLASS = YES_ERROR;
				CLANG_WARN_RANGE_LOOP_ANALYSIS = YES;
				CLANG_WARN_STRICT_PROTOTYPES = YES;
				CLANG_WARN_SUSPICIOUS_MOVE = YES;
				CLANG_WARN_UNGUARDED_AVAILABILITY = YES_AGGRESSIVE;
				CLANG_WARN_UNREACHABLE_CODE = YES;
				CLANG_WARN__DUPLICATE_METHOD_MATCH = YES;
				COPY_PHASE_STRIP = NO;
				DEBUG_INFORMATION_FORMAT = dwarf;
				ENABLE_STRICT_OBJC_MSGSEND = YES;
				ENABLE_TESTABILITY = YES;
				GCC_C_LANGUAGE_STANDARD = gnu11;
				GCC_DYNAMIC_NO_PIC = NO;
				GCC_NO_COMMON_BLOCKS = YES;
				GCC_OPTIMIZATION_LEVEL = 0;
				GCC_PREPROCESSOR_DEFINITIONS = (
					"DEBUG=1",
					"$(inherited)",
				);
				GCC_WARN_64_TO_32_BIT_CONVERSION = YES;
				GCC_WARN_ABOUT_RETURN_TYPE = YES_ERROR;
				GCC_WARN_UNDECLARED_SELECTOR = YES;
				GCC_WARN_UNINITIALIZED_AUTOS = YES_AGGRESSIVE;
				GCC_WARN_UNUSED_FUNCTION = YES;
				GCC_WARN_UNUSED_VARIABLE = YES;
				IPHONEOS_DEPLOYMENT_TARGET = 13.4;
				MTL_ENABLE_DEBUG_INFO = INCLUDE_SOURCE;
				MTL_FAST_MATH = YES;
				ONLY_ACTIVE_ARCH = YES;
				SDKROOT = iphoneos;
				SWIFT_ACTIVE_COMPILATION_CONDITIONS = DEBUG;
				SWIFT_OPTIMIZATION_LEVEL = "-Onone";
			};
			name = Debug;
		};
		4DEE6A612435E30500DA75AA /* Release */ = {
			isa = XCBuildConfiguration;
			buildSettings = {
				ALWAYS_SEARCH_USER_PATHS = NO;
				CLANG_ANALYZER_NONNULL = YES;
				CLANG_ANALYZER_NUMBER_OBJECT_CONVERSION = YES_AGGRESSIVE;
				CLANG_CXX_LANGUAGE_STANDARD = "gnu++14";
				CLANG_CXX_LIBRARY = "libc++";
				CLANG_ENABLE_MODULES = YES;
				CLANG_ENABLE_OBJC_ARC = YES;
				CLANG_ENABLE_OBJC_WEAK = YES;
				CLANG_WARN_BLOCK_CAPTURE_AUTORELEASING = YES;
				CLANG_WARN_BOOL_CONVERSION = YES;
				CLANG_WARN_COMMA = YES;
				CLANG_WARN_CONSTANT_CONVERSION = YES;
				CLANG_WARN_DEPRECATED_OBJC_IMPLEMENTATIONS = YES;
				CLANG_WARN_DIRECT_OBJC_ISA_USAGE = YES_ERROR;
				CLANG_WARN_DOCUMENTATION_COMMENTS = YES;
				CLANG_WARN_EMPTY_BODY = YES;
				CLANG_WARN_ENUM_CONVERSION = YES;
				CLANG_WARN_INFINITE_RECURSION = YES;
				CLANG_WARN_INT_CONVERSION = YES;
				CLANG_WARN_NON_LITERAL_NULL_CONVERSION = YES;
				CLANG_WARN_OBJC_IMPLICIT_RETAIN_SELF = YES;
				CLANG_WARN_OBJC_LITERAL_CONVERSION = YES;
				CLANG_WARN_OBJC_ROOT_CLASS = YES_ERROR;
				CLANG_WARN_RANGE_LOOP_ANALYSIS = YES;
				CLANG_WARN_STRICT_PROTOTYPES = YES;
				CLANG_WARN_SUSPICIOUS_MOVE = YES;
				CLANG_WARN_UNGUARDED_AVAILABILITY = YES_AGGRESSIVE;
				CLANG_WARN_UNREACHABLE_CODE = YES;
				CLANG_WARN__DUPLICATE_METHOD_MATCH = YES;
				COPY_PHASE_STRIP = NO;
				DEBUG_INFORMATION_FORMAT = "dwarf-with-dsym";
				ENABLE_NS_ASSERTIONS = NO;
				ENABLE_STRICT_OBJC_MSGSEND = YES;
				GCC_C_LANGUAGE_STANDARD = gnu11;
				GCC_NO_COMMON_BLOCKS = YES;
				GCC_WARN_64_TO_32_BIT_CONVERSION = YES;
				GCC_WARN_ABOUT_RETURN_TYPE = YES_ERROR;
				GCC_WARN_UNDECLARED_SELECTOR = YES;
				GCC_WARN_UNINITIALIZED_AUTOS = YES_AGGRESSIVE;
				GCC_WARN_UNUSED_FUNCTION = YES;
				GCC_WARN_UNUSED_VARIABLE = YES;
				IPHONEOS_DEPLOYMENT_TARGET = 13.4;
				MTL_ENABLE_DEBUG_INFO = NO;
				MTL_FAST_MATH = YES;
				SDKROOT = iphoneos;
				SWIFT_COMPILATION_MODE = wholemodule;
				SWIFT_OPTIMIZATION_LEVEL = "-O";
				VALIDATE_PRODUCT = YES;
			};
			name = Release;
		};
		4DEE6A632435E30500DA75AA /* Debug */ = {
			isa = XCBuildConfiguration;
			buildSettings = {
				ASSETCATALOG_COMPILER_APPICON_NAME = AppIcon;
				CODE_SIGN_STYLE = Automatic;
				DEVELOPMENT_TEAM = 9M5ZSX2Y7W;
				INFOPLIST_FILE = locationSunrise/Info.plist;
				LD_RUNPATH_SEARCH_PATHS = (
					"$(inherited)",
					"@executable_path/Frameworks",
				);
				PRODUCT_BUNDLE_IDENTIFIER = "kg.vitaty14-gmail.com.locationSunrise";
				PRODUCT_NAME = "$(TARGET_NAME)";
				SWIFT_VERSION = 5.0;
				TARGETED_DEVICE_FAMILY = "1,2";
			};
			name = Debug;
		};
		4DEE6A642435E30500DA75AA /* Release */ = {
			isa = XCBuildConfiguration;
			buildSettings = {
				ASSETCATALOG_COMPILER_APPICON_NAME = AppIcon;
				CODE_SIGN_STYLE = Automatic;
				DEVELOPMENT_TEAM = 9M5ZSX2Y7W;
				INFOPLIST_FILE = locationSunrise/Info.plist;
				LD_RUNPATH_SEARCH_PATHS = (
					"$(inherited)",
					"@executable_path/Frameworks",
				);
				PRODUCT_BUNDLE_IDENTIFIER = "kg.vitaty14-gmail.com.locationSunrise";
				PRODUCT_NAME = "$(TARGET_NAME)";
				SWIFT_VERSION = 5.0;
				TARGETED_DEVICE_FAMILY = "1,2";
			};
			name = Release;
		};
/* End XCBuildConfiguration section */

/* Begin XCConfigurationList section */
		4DEE6A492435E30400DA75AA /* Build configuration list for PBXProject "locationSunrise" */ = {
			isa = XCConfigurationList;
			buildConfigurations = (
				4DEE6A602435E30500DA75AA /* Debug */,
				4DEE6A612435E30500DA75AA /* Release */,
			);
			defaultConfigurationIsVisible = 0;
			defaultConfigurationName = Release;
		};
		4DEE6A622435E30500DA75AA /* Build configuration list for PBXNativeTarget "locationSunrise" */ = {
			isa = XCConfigurationList;
			buildConfigurations = (
				4DEE6A632435E30500DA75AA /* Debug */,
				4DEE6A642435E30500DA75AA /* Release */,
			);
			defaultConfigurationIsVisible = 0;
			defaultConfigurationName = Release;
		};
/* End XCConfigurationList section */
	};
	rootObject = 4DEE6A462435E30400DA75AA /* Project object */;
}
